
Microsoft Visual Studio Solution File, Format Version 12.00
# Visual Studio Version 17
VisualStudioVersion = 17.7.34221.43
MinimumVisualStudioVersion = 10.0.40219.1
Project("{FAE04EC0-301F-11D3-BF4B-00C04F79EFBC}") = "q1", "q1\q1.csproj", "{04A148E0-B2ED-4095-9355-512A419931DB}"
EndProject
Project("{FAE04EC0-301F-11D3-BF4B-00C04F79EFBC}") = "d2", "d2\d2.csproj", "{D8C157F0-1EBE-479C-B67A-B117FB499076}"
EndProject
Project("{FAE04EC0-301F-11D3-BF4B-00C04F79EFBC}") = "d3", "d3\d3.csproj", "{5BD921F2-1B6E-4019-836B-8DADE4558286}"
EndProject
Project("{FAE04EC0-301F-11D3-BF4B-00C04F79EFBC}") = "d4", "d4\d4.csproj", "{022ED35B-1AF9-4871-821F-88A64616020B}"
EndProject
Project("{FAE04EC0-301F-11D3-BF4B-00C04F79EFBC}") = "d5", "d5\d5.csproj", "{6604A246-F805-434D-8A62-72B5A8B8B38B}"
EndProject
Project("{FAE04EC0-301F-11D3-BF4B-00C04F79EFBC}") = "USEFUL STUFF", "USEFUL STUFF\USEFUL STUFF.csproj", "{F6627F6C-0441-4C99-907A-7E319CE6C09B}"
EndProject
Project("{FAE04EC0-301F-11D3-BF4B-00C04F79EFBC}") = "d6", "d6\d6.csproj", "{1D46583B-2D09-42E9-B417-F026BBDE8565}"
EndProject
Project("{FAE04EC0-301F-11D3-BF4B-00C04F79EFBC}") = "d7", "d7\d7.csproj", "{061409C5-85AE-435B-8D3B-6D9A3E60C7D0}"
EndProject
Project("{FAE04EC0-301F-11D3-BF4B-00C04F79EFBC}") = "d8", "d8\d8.csproj", "{46D6CCCF-F0DE-4C7E-9832-F8B52C48EBCD}"
EndProject
Project("{FAE04EC0-301F-11D3-BF4B-00C04F79EFBC}") = "d9", "d9\d9.csproj", "{05B919BA-980F-4DDB-87C0-C4E4AF1BB0B7}"
EndProject
Project("{FAE04EC0-301F-11D3-BF4B-00C04F79EFBC}") = "d10", "d10\d10.csproj", "{1CA99F0A-9700-454F-8B80-E06581C19FA6}"
EndProject
Project("{FAE04EC0-301F-11D3-BF4B-00C04F79EFBC}") = "d11", "d11\d11.csproj", "{88413C35-8642-49D4-B0E1-BA8FCA9543F6}"
EndProject
Project("{FAE04EC0-301F-11D3-BF4B-00C04F79EFBC}") = "d12", "d12\d12.csproj", "{B9BC010E-B868-4DB5-97E8-E5CEDE566AAB}"
EndProject
Project("{FAE04EC0-301F-11D3-BF4B-00C04F79EFBC}") = "d13", "d13\d13.csproj", "{3D62A772-82E1-4557-9E1C-438A219DF730}"
EndProject
Project("{FAE04EC0-301F-11D3-BF4B-00C04F79EFBC}") = "d14", "d14\d14.csproj", "{0C1528A8-F7DA-43C4-A321-A6EE5E50A817}"
EndProject
Project("{FAE04EC0-301F-11D3-BF4B-00C04F79EFBC}") = "d16", "d16\d16.csproj", "{F0BEA23F-D3CD-4C60-B3DC-212F9BE1F61E}"
EndProject
Project("{FAE04EC0-301F-11D3-BF4B-00C04F79EFBC}") = "d15", "d15\d15.csproj", "{4E690138-3428-4F62-88D4-C2B31948351A}"
EndProject
Project("{FAE04EC0-301F-11D3-BF4B-00C04F79EFBC}") = "d17", "d17\d17.csproj", "{F82D2684-9BE9-411A-A53F-9DAF013F5510}"
EndProject
Project("{FAE04EC0-301F-11D3-BF4B-00C04F79EFBC}") = "d18", "d18\d18.csproj", "{CB9D5AD2-1F06-497B-9AAD-D620ED5233D4}"
EndProject
Project("{FAE04EC0-301F-11D3-BF4B-00C04F79EFBC}") = "d19", "d19\d19.csproj", "{81D2F45B-1FAE-4DEB-BD93-B569A109CD6F}"
EndProject
Project("{FAE04EC0-301F-11D3-BF4B-00C04F79EFBC}") = "d20", "d20\d20.csproj", "{A2200806-67D4-4F59-842B-5C88AA2CEF91}"
EndProject
Project("{FAE04EC0-301F-11D3-BF4B-00C04F79EFBC}") = "d21", "d21\d21.csproj", "{BD570545-A1FD-4FAD-8833-D5270B80C01C}"
EndProject
Project("{FAE04EC0-301F-11D3-BF4B-00C04F79EFBC}") = "d22", "d22\d22.csproj", "{E9FEC7C6-B53B-468D-840E-0225416B71ED}"
EndProject
Project("{FAE04EC0-301F-11D3-BF4B-00C04F79EFBC}") = "d23", "d23\d23.csproj", "{4D752539-5914-4492-A31E-96A5B1FF39FE}"
EndProject
Global
	GlobalSection(SolutionConfigurationPlatforms) = preSolution
		Debug|Any CPU = Debug|Any CPU
		Release|Any CPU = Release|Any CPU
	EndGlobalSection
	GlobalSection(ProjectConfigurationPlatforms) = postSolution
		{04A148E0-B2ED-4095-9355-512A419931DB}.Debug|Any CPU.ActiveCfg = Debug|Any CPU
		{04A148E0-B2ED-4095-9355-512A419931DB}.Debug|Any CPU.Build.0 = Debug|Any CPU
		{04A148E0-B2ED-4095-9355-512A419931DB}.Release|Any CPU.ActiveCfg = Release|Any CPU
		{04A148E0-B2ED-4095-9355-512A419931DB}.Release|Any CPU.Build.0 = Release|Any CPU
		{D8C157F0-1EBE-479C-B67A-B117FB499076}.Debug|Any CPU.ActiveCfg = Debug|Any CPU
		{D8C157F0-1EBE-479C-B67A-B117FB499076}.Debug|Any CPU.Build.0 = Debug|Any CPU
		{D8C157F0-1EBE-479C-B67A-B117FB499076}.Release|Any CPU.ActiveCfg = Release|Any CPU
		{D8C157F0-1EBE-479C-B67A-B117FB499076}.Release|Any CPU.Build.0 = Release|Any CPU
		{5BD921F2-1B6E-4019-836B-8DADE4558286}.Debug|Any CPU.ActiveCfg = Debug|Any CPU
		{5BD921F2-1B6E-4019-836B-8DADE4558286}.Debug|Any CPU.Build.0 = Debug|Any CPU
		{5BD921F2-1B6E-4019-836B-8DADE4558286}.Release|Any CPU.ActiveCfg = Release|Any CPU
		{5BD921F2-1B6E-4019-836B-8DADE4558286}.Release|Any CPU.Build.0 = Release|Any CPU
		{022ED35B-1AF9-4871-821F-88A64616020B}.Debug|Any CPU.ActiveCfg = Debug|Any CPU
		{022ED35B-1AF9-4871-821F-88A64616020B}.Debug|Any CPU.Build.0 = Debug|Any CPU
		{022ED35B-1AF9-4871-821F-88A64616020B}.Release|Any CPU.ActiveCfg = Release|Any CPU
		{022ED35B-1AF9-4871-821F-88A64616020B}.Release|Any CPU.Build.0 = Release|Any CPU
		{6604A246-F805-434D-8A62-72B5A8B8B38B}.Debug|Any CPU.ActiveCfg = Debug|Any CPU
		{6604A246-F805-434D-8A62-72B5A8B8B38B}.Debug|Any CPU.Build.0 = Debug|Any CPU
		{6604A246-F805-434D-8A62-72B5A8B8B38B}.Release|Any CPU.ActiveCfg = Release|Any CPU
		{6604A246-F805-434D-8A62-72B5A8B8B38B}.Release|Any CPU.Build.0 = Release|Any CPU
		{F6627F6C-0441-4C99-907A-7E319CE6C09B}.Debug|Any CPU.ActiveCfg = Debug|Any CPU
		{F6627F6C-0441-4C99-907A-7E319CE6C09B}.Debug|Any CPU.Build.0 = Debug|Any CPU
		{F6627F6C-0441-4C99-907A-7E319CE6C09B}.Release|Any CPU.ActiveCfg = Release|Any CPU
		{F6627F6C-0441-4C99-907A-7E319CE6C09B}.Release|Any CPU.Build.0 = Release|Any CPU
		{1D46583B-2D09-42E9-B417-F026BBDE8565}.Debug|Any CPU.ActiveCfg = Debug|Any CPU
		{1D46583B-2D09-42E9-B417-F026BBDE8565}.Debug|Any CPU.Build.0 = Debug|Any CPU
		{1D46583B-2D09-42E9-B417-F026BBDE8565}.Release|Any CPU.ActiveCfg = Release|Any CPU
		{1D46583B-2D09-42E9-B417-F026BBDE8565}.Release|Any CPU.Build.0 = Release|Any CPU
		{061409C5-85AE-435B-8D3B-6D9A3E60C7D0}.Debug|Any CPU.ActiveCfg = Debug|Any CPU
		{061409C5-85AE-435B-8D3B-6D9A3E60C7D0}.Debug|Any CPU.Build.0 = Debug|Any CPU
		{061409C5-85AE-435B-8D3B-6D9A3E60C7D0}.Release|Any CPU.ActiveCfg = Release|Any CPU
		{061409C5-85AE-435B-8D3B-6D9A3E60C7D0}.Release|Any CPU.Build.0 = Release|Any CPU
		{46D6CCCF-F0DE-4C7E-9832-F8B52C48EBCD}.Debug|Any CPU.ActiveCfg = Debug|Any CPU
		{46D6CCCF-F0DE-4C7E-9832-F8B52C48EBCD}.Debug|Any CPU.Build.0 = Debug|Any CPU
		{46D6CCCF-F0DE-4C7E-9832-F8B52C48EBCD}.Release|Any CPU.ActiveCfg = Release|Any CPU
		{46D6CCCF-F0DE-4C7E-9832-F8B52C48EBCD}.Release|Any CPU.Build.0 = Release|Any CPU
		{05B919BA-980F-4DDB-87C0-C4E4AF1BB0B7}.Debug|Any CPU.ActiveCfg = Debug|Any CPU
		{05B919BA-980F-4DDB-87C0-C4E4AF1BB0B7}.Debug|Any CPU.Build.0 = Debug|Any CPU
		{05B919BA-980F-4DDB-87C0-C4E4AF1BB0B7}.Release|Any CPU.ActiveCfg = Release|Any CPU
		{05B919BA-980F-4DDB-87C0-C4E4AF1BB0B7}.Release|Any CPU.Build.0 = Release|Any CPU
		{1CA99F0A-9700-454F-8B80-E06581C19FA6}.Debug|Any CPU.ActiveCfg = Debug|Any CPU
		{1CA99F0A-9700-454F-8B80-E06581C19FA6}.Debug|Any CPU.Build.0 = Debug|Any CPU
		{1CA99F0A-9700-454F-8B80-E06581C19FA6}.Release|Any CPU.ActiveCfg = Release|Any CPU
		{1CA99F0A-9700-454F-8B80-E06581C19FA6}.Release|Any CPU.Build.0 = Release|Any CPU
		{88413C35-8642-49D4-B0E1-BA8FCA9543F6}.Debug|Any CPU.ActiveCfg = Debug|Any CPU
		{88413C35-8642-49D4-B0E1-BA8FCA9543F6}.Debug|Any CPU.Build.0 = Debug|Any CPU
		{88413C35-8642-49D4-B0E1-BA8FCA9543F6}.Release|Any CPU.ActiveCfg = Release|Any CPU
		{88413C35-8642-49D4-B0E1-BA8FCA9543F6}.Release|Any CPU.Build.0 = Release|Any CPU
		{B9BC010E-B868-4DB5-97E8-E5CEDE566AAB}.Debug|Any CPU.ActiveCfg = Debug|Any CPU
		{B9BC010E-B868-4DB5-97E8-E5CEDE566AAB}.Debug|Any CPU.Build.0 = Debug|Any CPU
		{B9BC010E-B868-4DB5-97E8-E5CEDE566AAB}.Release|Any CPU.ActiveCfg = Release|Any CPU
		{B9BC010E-B868-4DB5-97E8-E5CEDE566AAB}.Release|Any CPU.Build.0 = Release|Any CPU
		{3D62A772-82E1-4557-9E1C-438A219DF730}.Debug|Any CPU.ActiveCfg = Debug|Any CPU
		{3D62A772-82E1-4557-9E1C-438A219DF730}.Debug|Any CPU.Build.0 = Debug|Any CPU
		{3D62A772-82E1-4557-9E1C-438A219DF730}.Release|Any CPU.ActiveCfg = Release|Any CPU
		{3D62A772-82E1-4557-9E1C-438A219DF730}.Release|Any CPU.Build.0 = Release|Any CPU
		{0C1528A8-F7DA-43C4-A321-A6EE5E50A817}.Debug|Any CPU.ActiveCfg = Debug|Any CPU
		{0C1528A8-F7DA-43C4-A321-A6EE5E50A817}.Debug|Any CPU.Build.0 = Debug|Any CPU
		{0C1528A8-F7DA-43C4-A321-A6EE5E50A817}.Release|Any CPU.ActiveCfg = Release|Any CPU
		{0C1528A8-F7DA-43C4-A321-A6EE5E50A817}.Release|Any CPU.Build.0 = Release|Any CPU
		{F0BEA23F-D3CD-4C60-B3DC-212F9BE1F61E}.Debug|Any CPU.ActiveCfg = Debug|Any CPU
		{F0BEA23F-D3CD-4C60-B3DC-212F9BE1F61E}.Debug|Any CPU.Build.0 = Debug|Any CPU
		{F0BEA23F-D3CD-4C60-B3DC-212F9BE1F61E}.Release|Any CPU.ActiveCfg = Release|Any CPU
		{F0BEA23F-D3CD-4C60-B3DC-212F9BE1F61E}.Release|Any CPU.Build.0 = Release|Any CPU
		{4E690138-3428-4F62-88D4-C2B31948351A}.Debug|Any CPU.ActiveCfg = Debug|Any CPU
		{4E690138-3428-4F62-88D4-C2B31948351A}.Debug|Any CPU.Build.0 = Debug|Any CPU
		{4E690138-3428-4F62-88D4-C2B31948351A}.Release|Any CPU.ActiveCfg = Release|Any CPU
		{4E690138-3428-4F62-88D4-C2B31948351A}.Release|Any CPU.Build.0 = Release|Any CPU
		{F82D2684-9BE9-411A-A53F-9DAF013F5510}.Debug|Any CPU.ActiveCfg = Debug|Any CPU
		{F82D2684-9BE9-411A-A53F-9DAF013F5510}.Debug|Any CPU.Build.0 = Debug|Any CPU
		{F82D2684-9BE9-411A-A53F-9DAF013F5510}.Release|Any CPU.ActiveCfg = Release|Any CPU
		{F82D2684-9BE9-411A-A53F-9DAF013F5510}.Release|Any CPU.Build.0 = Release|Any CPU
		{CB9D5AD2-1F06-497B-9AAD-D620ED5233D4}.Debug|Any CPU.ActiveCfg = Debug|Any CPU
		{CB9D5AD2-1F06-497B-9AAD-D620ED5233D4}.Debug|Any CPU.Build.0 = Debug|Any CPU
		{CB9D5AD2-1F06-497B-9AAD-D620ED5233D4}.Release|Any CPU.ActiveCfg = Release|Any CPU
		{CB9D5AD2-1F06-497B-9AAD-D620ED5233D4}.Release|Any CPU.Build.0 = Release|Any CPU
		{81D2F45B-1FAE-4DEB-BD93-B569A109CD6F}.Debug|Any CPU.ActiveCfg = Debug|Any CPU
		{81D2F45B-1FAE-4DEB-BD93-B569A109CD6F}.Debug|Any CPU.Build.0 = Debug|Any CPU
		{81D2F45B-1FAE-4DEB-BD93-B569A109CD6F}.Release|Any CPU.ActiveCfg = Release|Any CPU
		{81D2F45B-1FAE-4DEB-BD93-B569A109CD6F}.Release|Any CPU.Build.0 = Release|Any CPU
		{A2200806-67D4-4F59-842B-5C88AA2CEF91}.Debug|Any CPU.ActiveCfg = Debug|Any CPU
		{A2200806-67D4-4F59-842B-5C88AA2CEF91}.Debug|Any CPU.Build.0 = Debug|Any CPU
		{A2200806-67D4-4F59-842B-5C88AA2CEF91}.Release|Any CPU.ActiveCfg = Release|Any CPU
		{A2200806-67D4-4F59-842B-5C88AA2CEF91}.Release|Any CPU.Build.0 = Release|Any CPU
		{BD570545-A1FD-4FAD-8833-D5270B80C01C}.Debug|Any CPU.ActiveCfg = Debug|Any CPU
		{BD570545-A1FD-4FAD-8833-D5270B80C01C}.Debug|Any CPU.Build.0 = Debug|Any CPU
		{BD570545-A1FD-4FAD-8833-D5270B80C01C}.Release|Any CPU.ActiveCfg = Release|Any CPU
		{BD570545-A1FD-4FAD-8833-D5270B80C01C}.Release|Any CPU.Build.0 = Release|Any CPU
		{E9FEC7C6-B53B-468D-840E-0225416B71ED}.Debug|Any CPU.ActiveCfg = Debug|Any CPU
		{E9FEC7C6-B53B-468D-840E-0225416B71ED}.Debug|Any CPU.Build.0 = Debug|Any CPU
		{E9FEC7C6-B53B-468D-840E-0225416B71ED}.Release|Any CPU.ActiveCfg = Release|Any CPU
		{E9FEC7C6-B53B-468D-840E-0225416B71ED}.Release|Any CPU.Build.0 = Release|Any CPU
		{4D752539-5914-4492-A31E-96A5B1FF39FE}.Debug|Any CPU.ActiveCfg = Debug|Any CPU
		{4D752539-5914-4492-A31E-96A5B1FF39FE}.Debug|Any CPU.Build.0 = Debug|Any CPU
		{4D752539-5914-4492-A31E-96A5B1FF39FE}.Release|Any CPU.ActiveCfg = Release|Any CPU
		{4D752539-5914-4492-A31E-96A5B1FF39FE}.Release|Any CPU.Build.0 = Release|Any CPU
	EndGlobalSection
	GlobalSection(SolutionProperties) = preSolution
		HideSolutionNode = FALSE
	EndGlobalSection
	GlobalSection(ExtensibilityGlobals) = postSolution
		SolutionGuid = {EAA5A280-D47E-47DC-8EBF-407AD5216320}
	EndGlobalSection
EndGlobal
