
Microsoft Visual Studio Solution File, Format Version 12.00
# Visual Studio Version 17
VisualStudioVersion = 17.7.34221.43
MinimumVisualStudioVersion = 10.0.40219.1
Project("{FAE04EC0-301F-11D3-BF4B-00C04F79EFBC}") = "q1", "q1\q1.csproj", "{04A148E0-B2ED-4095-9355-512A419931DB}"
EndProject
Project("{FAE04EC0-301F-11D3-BF4B-00C04F79EFBC}") = "d2", "d2\d2.csproj", "{D8C157F0-1EBE-479C-B67A-B117FB499076}"
EndProject
Project("{FAE04EC0-301F-11D3-BF4B-00C04F79EFBC}") = "d3", "d3\d3.csproj", "{5BD921F2-1B6E-4019-836B-8DADE4558286}"
EndProject
Project("{FAE04EC0-301F-11D3-BF4B-00C04F79EFBC}") = "d4", "d4\d4.csproj", "{022ED35B-1AF9-4871-821F-88A64616020B}"
EndProject
Project("{FAE04EC0-301F-11D3-BF4B-00C04F79EFBC}") = "d5", "d5\d5.csproj", "{6604A246-F805-434D-8A62-72B5A8B8B38B}"
EndProject
Project("{FAE04EC0-301F-11D3-BF4B-00C04F79EFBC}") = "USEFUL STUFF", "USEFUL STUFF\USEFUL STUFF.csproj", "{F6627F6C-0441-4C99-907A-7E319CE6C09B}"
EndProject
Project("{FAE04EC0-301F-11D3-BF4B-00C04F79EFBC}") = "d6", "d6\d6.csproj", "{1D46583B-2D09-42E9-B417-F026BBDE8565}"
EndProject
Project("{FAE04EC0-301F-11D3-BF4B-00C04F79EFBC}") = "d7", "d7\d7.csproj", "{061409C5-85AE-435B-8D3B-6D9A3E60C7D0}"
EndProject
Project("{FAE04EC0-301F-11D3-BF4B-00C04F79EFBC}") = "d8", "d8\d8.csproj", "{46D6CCCF-F0DE-4C7E-9832-F8B52C48EBCD}"
EndProject
Global
	GlobalSection(SolutionConfigurationPlatforms) = preSolution
		Debug|Any CPU = Debug|Any CPU
		Release|Any CPU = Release|Any CPU
	EndGlobalSection
	GlobalSection(ProjectConfigurationPlatforms) = postSolution
		{04A148E0-B2ED-4095-9355-512A419931DB}.Debug|Any CPU.ActiveCfg = Debug|Any CPU
		{04A148E0-B2ED-4095-9355-512A419931DB}.Debug|Any CPU.Build.0 = Debug|Any CPU
		{04A148E0-B2ED-4095-9355-512A419931DB}.Release|Any CPU.ActiveCfg = Release|Any CPU
		{04A148E0-B2ED-4095-9355-512A419931DB}.Release|Any CPU.Build.0 = Release|Any CPU
		{D8C157F0-1EBE-479C-B67A-B117FB499076}.Debug|Any CPU.ActiveCfg = Debug|Any CPU
		{D8C157F0-1EBE-479C-B67A-B117FB499076}.Debug|Any CPU.Build.0 = Debug|Any CPU
		{D8C157F0-1EBE-479C-B67A-B117FB499076}.Release|Any CPU.ActiveCfg = Release|Any CPU
		{D8C157F0-1EBE-479C-B67A-B117FB499076}.Release|Any CPU.Build.0 = Release|Any CPU
		{5BD921F2-1B6E-4019-836B-8DADE4558286}.Debug|Any CPU.ActiveCfg = Debug|Any CPU
		{5BD921F2-1B6E-4019-836B-8DADE4558286}.Debug|Any CPU.Build.0 = Debug|Any CPU
		{5BD921F2-1B6E-4019-836B-8DADE4558286}.Release|Any CPU.ActiveCfg = Release|Any CPU
		{5BD921F2-1B6E-4019-836B-8DADE4558286}.Release|Any CPU.Build.0 = Release|Any CPU
		{022ED35B-1AF9-4871-821F-88A64616020B}.Debug|Any CPU.ActiveCfg = Debug|Any CPU
		{022ED35B-1AF9-4871-821F-88A64616020B}.Debug|Any CPU.Build.0 = Debug|Any CPU
		{022ED35B-1AF9-4871-821F-88A64616020B}.Release|Any CPU.ActiveCfg = Release|Any CPU
		{022ED35B-1AF9-4871-821F-88A64616020B}.Release|Any CPU.Build.0 = Release|Any CPU
		{6604A246-F805-434D-8A62-72B5A8B8B38B}.Debug|Any CPU.ActiveCfg = Debug|Any CPU
		{6604A246-F805-434D-8A62-72B5A8B8B38B}.Debug|Any CPU.Build.0 = Debug|Any CPU
		{6604A246-F805-434D-8A62-72B5A8B8B38B}.Release|Any CPU.ActiveCfg = Release|Any CPU
		{6604A246-F805-434D-8A62-72B5A8B8B38B}.Release|Any CPU.Build.0 = Release|Any CPU
		{F6627F6C-0441-4C99-907A-7E319CE6C09B}.Debug|Any CPU.ActiveCfg = Debug|Any CPU
		{F6627F6C-0441-4C99-907A-7E319CE6C09B}.Debug|Any CPU.Build.0 = Debug|Any CPU
		{F6627F6C-0441-4C99-907A-7E319CE6C09B}.Release|Any CPU.ActiveCfg = Release|Any CPU
		{F6627F6C-0441-4C99-907A-7E319CE6C09B}.Release|Any CPU.Build.0 = Release|Any CPU
		{1D46583B-2D09-42E9-B417-F026BBDE8565}.Debug|Any CPU.ActiveCfg = Debug|Any CPU
		{1D46583B-2D09-42E9-B417-F026BBDE8565}.Debug|Any CPU.Build.0 = Debug|Any CPU
		{1D46583B-2D09-42E9-B417-F026BBDE8565}.Release|Any CPU.ActiveCfg = Release|Any CPU
		{1D46583B-2D09-42E9-B417-F026BBDE8565}.Release|Any CPU.Build.0 = Release|Any CPU
		{061409C5-85AE-435B-8D3B-6D9A3E60C7D0}.Debug|Any CPU.ActiveCfg = Debug|Any CPU
		{061409C5-85AE-435B-8D3B-6D9A3E60C7D0}.Debug|Any CPU.Build.0 = Debug|Any CPU
		{061409C5-85AE-435B-8D3B-6D9A3E60C7D0}.Release|Any CPU.ActiveCfg = Release|Any CPU
		{061409C5-85AE-435B-8D3B-6D9A3E60C7D0}.Release|Any CPU.Build.0 = Release|Any CPU
		{46D6CCCF-F0DE-4C7E-9832-F8B52C48EBCD}.Debug|Any CPU.ActiveCfg = Debug|Any CPU
		{46D6CCCF-F0DE-4C7E-9832-F8B52C48EBCD}.Debug|Any CPU.Build.0 = Debug|Any CPU
		{46D6CCCF-F0DE-4C7E-9832-F8B52C48EBCD}.Release|Any CPU.ActiveCfg = Release|Any CPU
		{46D6CCCF-F0DE-4C7E-9832-F8B52C48EBCD}.Release|Any CPU.Build.0 = Release|Any CPU
	EndGlobalSection
	GlobalSection(SolutionProperties) = preSolution
		HideSolutionNode = FALSE
	EndGlobalSection
	GlobalSection(ExtensibilityGlobals) = postSolution
		SolutionGuid = {EAA5A280-D47E-47DC-8EBF-407AD5216320}
	EndGlobalSection
EndGlobal
